
Microsoft Visual Studio Solution File, Format Version 12.00
# Visual Studio 15
VisualStudioVersion = 15.0.28307.1500
MinimumVisualStudioVersion = 10.0.40219.1
Project("{FAE04EC0-301F-11D3-BF4B-00C04F79EFBC}") = "EXERCICIOS_PROPOSTOS_VETOR_8", "EXERCICIOS_PROPOSTOS_VETOR_8\EXERCICIOS_PROPOSTOS_VETOR_8.csproj", "{A3FA8962-674C-4F7A-B4A8-D2B028074375}"
EndProject
Global
	GlobalSection(SolutionConfigurationPlatforms) = preSolution
		Debug|Any CPU = Debug|Any CPU
		Release|Any CPU = Release|Any CPU
	EndGlobalSection
	GlobalSection(ProjectConfigurationPlatforms) = postSolution
		{A3FA8962-674C-4F7A-B4A8-D2B028074375}.Debug|Any CPU.ActiveCfg = Debug|Any CPU
		{A3FA8962-674C-4F7A-B4A8-D2B028074375}.Debug|Any CPU.Build.0 = Debug|Any CPU
		{A3FA8962-674C-4F7A-B4A8-D2B028074375}.Release|Any CPU.ActiveCfg = Release|Any CPU
		{A3FA8962-674C-4F7A-B4A8-D2B028074375}.Release|Any CPU.Build.0 = Release|Any CPU
	EndGlobalSection
	GlobalSection(SolutionProperties) = preSolution
		HideSolutionNode = FALSE
	EndGlobalSection
	GlobalSection(ExtensibilityGlobals) = postSolution
		SolutionGuid = {B61BA960-5E5C-42F1-9B29-3E68EE0D65AF}
	EndGlobalSection
EndGlobal
